
Microsoft Visual Studio Solution File, Format Version 12.00
# Visual Studio 15
VisualStudioVersion = 15.0.26730.16
MinimumVisualStudioVersion = 10.0.40219.1
Project("{FAE04EC0-301F-11D3-BF4B-00C04F79EFBC}") = "ncalc", "ncalc\ncalc.csproj", "{B30EF3D1-2598-4D3D-957B-987911778E2A}"
EndProject
Project("{FAE04EC0-301F-11D3-BF4B-00C04F79EFBC}") = "NCalcLib", "NCalcLib\NCalcLib.csproj", "{948C8ED3-3CC6-4111-A464-3D3CBFC88CA8}"
EndProject
Project("{FAE04EC0-301F-11D3-BF4B-00C04F79EFBC}") = "NCalcLib.Test", "NCalcLib.Test\NCalcLib.Test.csproj", "{F2AA7FA9-E2FC-4F4C-95F5-47EB777CE0AB}"
EndProject
Global
	GlobalSection(SolutionConfigurationPlatforms) = preSolution
		Debug|Any CPU = Debug|Any CPU
		Release|Any CPU = Release|Any CPU
	EndGlobalSection
	GlobalSection(ProjectConfigurationPlatforms) = postSolution
		{B30EF3D1-2598-4D3D-957B-987911778E2A}.Debug|Any CPU.ActiveCfg = Debug|Any CPU
		{B30EF3D1-2598-4D3D-957B-987911778E2A}.Debug|Any CPU.Build.0 = Debug|Any CPU
		{B30EF3D1-2598-4D3D-957B-987911778E2A}.Release|Any CPU.ActiveCfg = Release|Any CPU
		{B30EF3D1-2598-4D3D-957B-987911778E2A}.Release|Any CPU.Build.0 = Release|Any CPU
		{948C8ED3-3CC6-4111-A464-3D3CBFC88CA8}.Debug|Any CPU.ActiveCfg = Debug|Any CPU
		{948C8ED3-3CC6-4111-A464-3D3CBFC88CA8}.Debug|Any CPU.Build.0 = Debug|Any CPU
		{948C8ED3-3CC6-4111-A464-3D3CBFC88CA8}.Release|Any CPU.ActiveCfg = Release|Any CPU
		{948C8ED3-3CC6-4111-A464-3D3CBFC88CA8}.Release|Any CPU.Build.0 = Release|Any CPU
		{F2AA7FA9-E2FC-4F4C-95F5-47EB777CE0AB}.Debug|Any CPU.ActiveCfg = Debug|Any CPU
		{F2AA7FA9-E2FC-4F4C-95F5-47EB777CE0AB}.Debug|Any CPU.Build.0 = Debug|Any CPU
		{F2AA7FA9-E2FC-4F4C-95F5-47EB777CE0AB}.Release|Any CPU.ActiveCfg = Release|Any CPU
		{F2AA7FA9-E2FC-4F4C-95F5-47EB777CE0AB}.Release|Any CPU.Build.0 = Release|Any CPU
	EndGlobalSection
	GlobalSection(SolutionProperties) = preSolution
		HideSolutionNode = FALSE
	EndGlobalSection
	GlobalSection(ExtensibilityGlobals) = postSolution
		SolutionGuid = {3BC79865-EAC7-4A7D-AC12-43FDD9BF9A91}
	EndGlobalSection
EndGlobal
